
Microsoft Visual Studio Solution File, Format Version 12.00
Project("{FAE04EC0-301F-11D3-BF4B-00C04F79EFBC}") = "day01", "day01\day01.csproj", "{5EC903CE-EB6E-498B-ACB7-FF8D87A3C05C}"
EndProject
Project("{FAE04EC0-301F-11D3-BF4B-00C04F79EFBC}") = "day02", "day02\day02.csproj", "{FFFA2455-AE18-4B03-805A-634D5CEEE1F8}"
EndProject
Project("{FAE04EC0-301F-11D3-BF4B-00C04F79EFBC}") = "day03", "day03\day03.csproj", "{B73AB5CF-3A58-4A35-ADE2-8832D00E21CD}"
EndProject
Project("{FAE04EC0-301F-11D3-BF4B-00C04F79EFBC}") = "day04", "day04\day04.csproj", "{42DE654B-DE4E-4EC7-AB0B-382BAB28F4F3}"
EndProject
Project("{FAE04EC0-301F-11D3-BF4B-00C04F79EFBC}") = "day05", "day05\day05.csproj", "{6C4155F3-D936-4800-9DFD-33695EF615B1}"
EndProject
Project("{FAE04EC0-301F-11D3-BF4B-00C04F79EFBC}") = "day06", "day06\day06.csproj", "{F21BF0CD-795E-4BB0-BFD3-A2BA22150B21}"
EndProject
Project("{FAE04EC0-301F-11D3-BF4B-00C04F79EFBC}") = "day07", "day07\day07.csproj", "{5D3354B4-6A91-4F16-9741-4BEF15A1327B}"
EndProject
Project("{FAE04EC0-301F-11D3-BF4B-00C04F79EFBC}") = "day08", "day08\day08.csproj", "{47225725-7F7A-4958-AABF-0AE2C3DDC781}"
EndProject
Project("{FAE04EC0-301F-11D3-BF4B-00C04F79EFBC}") = "day09", "day09\day09.csproj", "{352BD7D8-DD6A-4749-976B-A516EBB806CD}"
EndProject
Project("{FAE04EC0-301F-11D3-BF4B-00C04F79EFBC}") = "day10", "day10\day10.csproj", "{8E46B22E-16E0-4743-B2FD-96AB45ED4C34}"
EndProject
Project("{FAE04EC0-301F-11D3-BF4B-00C04F79EFBC}") = "day11", "day11\day11.csproj", "{FB002273-B0F9-445F-BCD0-C09ED5531CC8}"
EndProject
Project("{FAE04EC0-301F-11D3-BF4B-00C04F79EFBC}") = "day12", "day12\day12.csproj", "{82B7F474-5FFC-4F58-BCC6-0739B3259DD6}"
EndProject
Project("{FAE04EC0-301F-11D3-BF4B-00C04F79EFBC}") = "day13", "day13\day13.csproj", "{44CB63AC-3451-44FC-8596-4F5B4087BFB8}"
EndProject
Project("{FAE04EC0-301F-11D3-BF4B-00C04F79EFBC}") = "day14", "day14\day14.csproj", "{C88B655B-84CC-423B-8C14-AA6DF412073B}"
EndProject
Project("{FAE04EC0-301F-11D3-BF4B-00C04F79EFBC}") = "day15", "day15\day15.csproj", "{1F885728-BFD9-4630-9EF2-44A2F101BFBB}"
EndProject
Project("{FAE04EC0-301F-11D3-BF4B-00C04F79EFBC}") = "day16", "day16\day16.csproj", "{B5BD7A31-89DA-4EA8-A19D-F89CC12FF536}"
EndProject
Project("{FAE04EC0-301F-11D3-BF4B-00C04F79EFBC}") = "day17", "day17\day17.csproj", "{ADBA8419-6921-4B57-8112-2C111B56D480}"
EndProject
Project("{FAE04EC0-301F-11D3-BF4B-00C04F79EFBC}") = "day18", "day18\day18.csproj", "{EA7EC203-0138-4FAA-87F0-61EA532E36E4}"
EndProject
Project("{FAE04EC0-301F-11D3-BF4B-00C04F79EFBC}") = "day19", "day19\day19.csproj", "{F18286CE-107A-4875-A7D3-530833195A09}"
EndProject
Project("{FAE04EC0-301F-11D3-BF4B-00C04F79EFBC}") = "day20", "day20\day20.csproj", "{E863A000-0D92-4405-BF1A-2C4BD068F518}"
EndProject
Project("{FAE04EC0-301F-11D3-BF4B-00C04F79EFBC}") = "day21", "day21\day21.csproj", "{BFFA8417-0580-4AFB-A0AB-E999B74C35E1}"
EndProject
Project("{FAE04EC0-301F-11D3-BF4B-00C04F79EFBC}") = "day22", "day22\day22.csproj", "{D47C9A8E-28F7-45E7-8647-9FBAE5D836A6}"
EndProject
Global
	GlobalSection(SolutionConfigurationPlatforms) = preSolution
		Debug|Any CPU = Debug|Any CPU
		Release|Any CPU = Release|Any CPU
	EndGlobalSection
	GlobalSection(ProjectConfigurationPlatforms) = postSolution
		{5EC903CE-EB6E-498B-ACB7-FF8D87A3C05C}.Debug|Any CPU.ActiveCfg = Debug|Any CPU
		{5EC903CE-EB6E-498B-ACB7-FF8D87A3C05C}.Debug|Any CPU.Build.0 = Debug|Any CPU
		{5EC903CE-EB6E-498B-ACB7-FF8D87A3C05C}.Release|Any CPU.ActiveCfg = Release|Any CPU
		{5EC903CE-EB6E-498B-ACB7-FF8D87A3C05C}.Release|Any CPU.Build.0 = Release|Any CPU
		{FFFA2455-AE18-4B03-805A-634D5CEEE1F8}.Debug|Any CPU.ActiveCfg = Debug|Any CPU
		{FFFA2455-AE18-4B03-805A-634D5CEEE1F8}.Debug|Any CPU.Build.0 = Debug|Any CPU
		{FFFA2455-AE18-4B03-805A-634D5CEEE1F8}.Release|Any CPU.ActiveCfg = Release|Any CPU
		{FFFA2455-AE18-4B03-805A-634D5CEEE1F8}.Release|Any CPU.Build.0 = Release|Any CPU
		{B73AB5CF-3A58-4A35-ADE2-8832D00E21CD}.Debug|Any CPU.ActiveCfg = Debug|Any CPU
		{B73AB5CF-3A58-4A35-ADE2-8832D00E21CD}.Debug|Any CPU.Build.0 = Debug|Any CPU
		{B73AB5CF-3A58-4A35-ADE2-8832D00E21CD}.Release|Any CPU.ActiveCfg = Release|Any CPU
		{B73AB5CF-3A58-4A35-ADE2-8832D00E21CD}.Release|Any CPU.Build.0 = Release|Any CPU
		{42DE654B-DE4E-4EC7-AB0B-382BAB28F4F3}.Debug|Any CPU.ActiveCfg = Debug|Any CPU
		{42DE654B-DE4E-4EC7-AB0B-382BAB28F4F3}.Debug|Any CPU.Build.0 = Debug|Any CPU
		{42DE654B-DE4E-4EC7-AB0B-382BAB28F4F3}.Release|Any CPU.ActiveCfg = Release|Any CPU
		{42DE654B-DE4E-4EC7-AB0B-382BAB28F4F3}.Release|Any CPU.Build.0 = Release|Any CPU
		{6C4155F3-D936-4800-9DFD-33695EF615B1}.Debug|Any CPU.ActiveCfg = Debug|Any CPU
		{6C4155F3-D936-4800-9DFD-33695EF615B1}.Debug|Any CPU.Build.0 = Debug|Any CPU
		{6C4155F3-D936-4800-9DFD-33695EF615B1}.Release|Any CPU.ActiveCfg = Release|Any CPU
		{6C4155F3-D936-4800-9DFD-33695EF615B1}.Release|Any CPU.Build.0 = Release|Any CPU
		{F21BF0CD-795E-4BB0-BFD3-A2BA22150B21}.Debug|Any CPU.ActiveCfg = Debug|Any CPU
		{F21BF0CD-795E-4BB0-BFD3-A2BA22150B21}.Debug|Any CPU.Build.0 = Debug|Any CPU
		{F21BF0CD-795E-4BB0-BFD3-A2BA22150B21}.Release|Any CPU.ActiveCfg = Release|Any CPU
		{F21BF0CD-795E-4BB0-BFD3-A2BA22150B21}.Release|Any CPU.Build.0 = Release|Any CPU
		{5D3354B4-6A91-4F16-9741-4BEF15A1327B}.Debug|Any CPU.ActiveCfg = Debug|Any CPU
		{5D3354B4-6A91-4F16-9741-4BEF15A1327B}.Debug|Any CPU.Build.0 = Debug|Any CPU
		{5D3354B4-6A91-4F16-9741-4BEF15A1327B}.Release|Any CPU.ActiveCfg = Release|Any CPU
		{5D3354B4-6A91-4F16-9741-4BEF15A1327B}.Release|Any CPU.Build.0 = Release|Any CPU
		{47225725-7F7A-4958-AABF-0AE2C3DDC781}.Debug|Any CPU.ActiveCfg = Debug|Any CPU
		{47225725-7F7A-4958-AABF-0AE2C3DDC781}.Debug|Any CPU.Build.0 = Debug|Any CPU
		{47225725-7F7A-4958-AABF-0AE2C3DDC781}.Release|Any CPU.ActiveCfg = Release|Any CPU
		{47225725-7F7A-4958-AABF-0AE2C3DDC781}.Release|Any CPU.Build.0 = Release|Any CPU
		{352BD7D8-DD6A-4749-976B-A516EBB806CD}.Debug|Any CPU.ActiveCfg = Debug|Any CPU
		{352BD7D8-DD6A-4749-976B-A516EBB806CD}.Debug|Any CPU.Build.0 = Debug|Any CPU
		{352BD7D8-DD6A-4749-976B-A516EBB806CD}.Release|Any CPU.ActiveCfg = Release|Any CPU
		{352BD7D8-DD6A-4749-976B-A516EBB806CD}.Release|Any CPU.Build.0 = Release|Any CPU
		{8E46B22E-16E0-4743-B2FD-96AB45ED4C34}.Debug|Any CPU.ActiveCfg = Debug|Any CPU
		{8E46B22E-16E0-4743-B2FD-96AB45ED4C34}.Debug|Any CPU.Build.0 = Debug|Any CPU
		{8E46B22E-16E0-4743-B2FD-96AB45ED4C34}.Release|Any CPU.ActiveCfg = Release|Any CPU
		{8E46B22E-16E0-4743-B2FD-96AB45ED4C34}.Release|Any CPU.Build.0 = Release|Any CPU
		{FB002273-B0F9-445F-BCD0-C09ED5531CC8}.Debug|Any CPU.ActiveCfg = Debug|Any CPU
		{FB002273-B0F9-445F-BCD0-C09ED5531CC8}.Debug|Any CPU.Build.0 = Debug|Any CPU
		{FB002273-B0F9-445F-BCD0-C09ED5531CC8}.Release|Any CPU.ActiveCfg = Release|Any CPU
		{FB002273-B0F9-445F-BCD0-C09ED5531CC8}.Release|Any CPU.Build.0 = Release|Any CPU
		{82B7F474-5FFC-4F58-BCC6-0739B3259DD6}.Debug|Any CPU.ActiveCfg = Debug|Any CPU
		{82B7F474-5FFC-4F58-BCC6-0739B3259DD6}.Debug|Any CPU.Build.0 = Debug|Any CPU
		{82B7F474-5FFC-4F58-BCC6-0739B3259DD6}.Release|Any CPU.ActiveCfg = Release|Any CPU
		{82B7F474-5FFC-4F58-BCC6-0739B3259DD6}.Release|Any CPU.Build.0 = Release|Any CPU
		{44CB63AC-3451-44FC-8596-4F5B4087BFB8}.Debug|Any CPU.ActiveCfg = Debug|Any CPU
		{44CB63AC-3451-44FC-8596-4F5B4087BFB8}.Debug|Any CPU.Build.0 = Debug|Any CPU
		{44CB63AC-3451-44FC-8596-4F5B4087BFB8}.Release|Any CPU.ActiveCfg = Release|Any CPU
		{44CB63AC-3451-44FC-8596-4F5B4087BFB8}.Release|Any CPU.Build.0 = Release|Any CPU
		{C88B655B-84CC-423B-8C14-AA6DF412073B}.Debug|Any CPU.ActiveCfg = Debug|Any CPU
		{C88B655B-84CC-423B-8C14-AA6DF412073B}.Debug|Any CPU.Build.0 = Debug|Any CPU
		{C88B655B-84CC-423B-8C14-AA6DF412073B}.Release|Any CPU.ActiveCfg = Release|Any CPU
		{C88B655B-84CC-423B-8C14-AA6DF412073B}.Release|Any CPU.Build.0 = Release|Any CPU
		{1F885728-BFD9-4630-9EF2-44A2F101BFBB}.Debug|Any CPU.ActiveCfg = Debug|Any CPU
		{1F885728-BFD9-4630-9EF2-44A2F101BFBB}.Debug|Any CPU.Build.0 = Debug|Any CPU
		{1F885728-BFD9-4630-9EF2-44A2F101BFBB}.Release|Any CPU.ActiveCfg = Release|Any CPU
		{1F885728-BFD9-4630-9EF2-44A2F101BFBB}.Release|Any CPU.Build.0 = Release|Any CPU
		{B5BD7A31-89DA-4EA8-A19D-F89CC12FF536}.Debug|Any CPU.ActiveCfg = Debug|Any CPU
		{B5BD7A31-89DA-4EA8-A19D-F89CC12FF536}.Debug|Any CPU.Build.0 = Debug|Any CPU
		{B5BD7A31-89DA-4EA8-A19D-F89CC12FF536}.Release|Any CPU.ActiveCfg = Release|Any CPU
		{B5BD7A31-89DA-4EA8-A19D-F89CC12FF536}.Release|Any CPU.Build.0 = Release|Any CPU
		{ADBA8419-6921-4B57-8112-2C111B56D480}.Debug|Any CPU.ActiveCfg = Debug|Any CPU
		{ADBA8419-6921-4B57-8112-2C111B56D480}.Debug|Any CPU.Build.0 = Debug|Any CPU
		{ADBA8419-6921-4B57-8112-2C111B56D480}.Release|Any CPU.ActiveCfg = Release|Any CPU
		{ADBA8419-6921-4B57-8112-2C111B56D480}.Release|Any CPU.Build.0 = Release|Any CPU
		{EA7EC203-0138-4FAA-87F0-61EA532E36E4}.Debug|Any CPU.ActiveCfg = Debug|Any CPU
		{EA7EC203-0138-4FAA-87F0-61EA532E36E4}.Debug|Any CPU.Build.0 = Debug|Any CPU
		{EA7EC203-0138-4FAA-87F0-61EA532E36E4}.Release|Any CPU.ActiveCfg = Release|Any CPU
		{EA7EC203-0138-4FAA-87F0-61EA532E36E4}.Release|Any CPU.Build.0 = Release|Any CPU
		{F18286CE-107A-4875-A7D3-530833195A09}.Debug|Any CPU.ActiveCfg = Debug|Any CPU
		{F18286CE-107A-4875-A7D3-530833195A09}.Debug|Any CPU.Build.0 = Debug|Any CPU
		{F18286CE-107A-4875-A7D3-530833195A09}.Release|Any CPU.ActiveCfg = Release|Any CPU
		{F18286CE-107A-4875-A7D3-530833195A09}.Release|Any CPU.Build.0 = Release|Any CPU
		{E863A000-0D92-4405-BF1A-2C4BD068F518}.Debug|Any CPU.ActiveCfg = Debug|Any CPU
		{E863A000-0D92-4405-BF1A-2C4BD068F518}.Debug|Any CPU.Build.0 = Debug|Any CPU
		{E863A000-0D92-4405-BF1A-2C4BD068F518}.Release|Any CPU.ActiveCfg = Release|Any CPU
		{E863A000-0D92-4405-BF1A-2C4BD068F518}.Release|Any CPU.Build.0 = Release|Any CPU
		{BFFA8417-0580-4AFB-A0AB-E999B74C35E1}.Debug|Any CPU.ActiveCfg = Debug|Any CPU
		{BFFA8417-0580-4AFB-A0AB-E999B74C35E1}.Debug|Any CPU.Build.0 = Debug|Any CPU
		{BFFA8417-0580-4AFB-A0AB-E999B74C35E1}.Release|Any CPU.ActiveCfg = Release|Any CPU
		{BFFA8417-0580-4AFB-A0AB-E999B74C35E1}.Release|Any CPU.Build.0 = Release|Any CPU
		{D47C9A8E-28F7-45E7-8647-9FBAE5D836A6}.Debug|Any CPU.ActiveCfg = Debug|Any CPU
		{D47C9A8E-28F7-45E7-8647-9FBAE5D836A6}.Debug|Any CPU.Build.0 = Debug|Any CPU
		{D47C9A8E-28F7-45E7-8647-9FBAE5D836A6}.Release|Any CPU.ActiveCfg = Release|Any CPU
		{D47C9A8E-28F7-45E7-8647-9FBAE5D836A6}.Release|Any CPU.Build.0 = Release|Any CPU
	EndGlobalSection
EndGlobal
